// !$*UTF8*$!
{
	archiveVersion = 1;
	classes = {
	};
	objectVersion = 50;
	objects = {

/* Begin PBXBuildFile section */
		6113E50D2458E23D00DC314D /* ECTableViewController.swift in Sources */ = {isa = PBXBuildFile; fileRef = 6113E50C2458E23D00DC314D /* ECTableViewController.swift */; };
		6113E50F2458E2E200DC314D /* WCTableViewController.swift in Sources */ = {isa = PBXBuildFile; fileRef = 6113E50E2458E2E200DC314D /* WCTableViewController.swift */; };
		61856FD52457A5A7006C98D6 /* Launch Screen.storyboard in Resources */ = {isa = PBXBuildFile; fileRef = 61856FD42457A5A7006C98D6 /* Launch Screen.storyboard */; };
		61CBE715244654A200E19D52 /* AppDelegate.swift in Sources */ = {isa = PBXBuildFile; fileRef = 61CBE714244654A200E19D52 /* AppDelegate.swift */; };
		61CBE717244654A200E19D52 /* SceneDelegate.swift in Sources */ = {isa = PBXBuildFile; fileRef = 61CBE716244654A200E19D52 /* SceneDelegate.swift */; };
		61CBE71C244654A200E19D52 /* Main.storyboard in Resources */ = {isa = PBXBuildFile; fileRef = 61CBE71A244654A200E19D52 /* Main.storyboard */; };
		61CBE71E244654A600E19D52 /* Assets.xcassets in Resources */ = {isa = PBXBuildFile; fileRef = 61CBE71D244654A600E19D52 /* Assets.xcassets */; };
		61CBE721244654A600E19D52 /* LaunchScreen.storyboard in Resources */ = {isa = PBXBuildFile; fileRef = 61CBE71F244654A600E19D52 /* LaunchScreen.storyboard */; };
/* End PBXBuildFile section */

/* Begin PBXFileReference section */
		6113E50C2458E23D00DC314D /* ECTableViewController.swift */ = {isa = PBXFileReference; lastKnownFileType = sourcecode.swift; path = ECTableViewController.swift; sourceTree = "<group>"; };
		6113E50E2458E2E200DC314D /* WCTableViewController.swift */ = {isa = PBXFileReference; lastKnownFileType = sourcecode.swift; path = WCTableViewController.swift; sourceTree = "<group>"; };
		61856FD42457A5A7006C98D6 /* Launch Screen.storyboard */ = {isa = PBXFileReference; lastKnownFileType = file.storyboard; path = "Launch Screen.storyboard"; sourceTree = "<group>"; };
		61CBE711244654A200E19D52 /* NBA Pokédex.app */ = {isa = PBXFileReference; explicitFileType = wrapper.application; includeInIndex = 0; path = "NBA Pokédex.app"; sourceTree = BUILT_PRODUCTS_DIR; };
		61CBE714244654A200E19D52 /* AppDelegate.swift */ = {isa = PBXFileReference; lastKnownFileType = sourcecode.swift; path = AppDelegate.swift; sourceTree = "<group>"; };
		61CBE716244654A200E19D52 /* SceneDelegate.swift */ = {isa = PBXFileReference; lastKnownFileType = sourcecode.swift; path = SceneDelegate.swift; sourceTree = "<group>"; };
		61CBE71B244654A200E19D52 /* Base */ = {isa = PBXFileReference; lastKnownFileType = file.storyboard; name = Base; path = Base.lproj/Main.storyboard; sourceTree = "<group>"; };
		61CBE71D244654A600E19D52 /* Assets.xcassets */ = {isa = PBXFileReference; lastKnownFileType = folder.assetcatalog; path = Assets.xcassets; sourceTree = "<group>"; };
		61CBE720244654A600E19D52 /* Base */ = {isa = PBXFileReference; lastKnownFileType = file.storyboard; name = Base; path = Base.lproj/LaunchScreen.storyboard; sourceTree = "<group>"; };
		61CBE722244654A600E19D52 /* Info.plist */ = {isa = PBXFileReference; lastKnownFileType = text.plist.xml; path = Info.plist; sourceTree = "<group>"; };
/* End PBXFileReference section */

/* Begin PBXFrameworksBuildPhase section */
		61CBE70E244654A200E19D52 /* Frameworks */ = {
			isa = PBXFrameworksBuildPhase;
			buildActionMask = 2147483647;
			files = (
			);
			runOnlyForDeploymentPostprocessing = 0;
		};
/* End PBXFrameworksBuildPhase section */

/* Begin PBXGroup section */
		6113E50B2458E1E900DC314D /* ViewControllers */ = {
			isa = PBXGroup;
			children = (
				6113E50C2458E23D00DC314D /* ECTableViewController.swift */,
				6113E50E2458E2E200DC314D /* WCTableViewController.swift */,
			);
			path = ViewControllers;
			sourceTree = "<group>";
		};
		61CBE708244654A200E19D52 = {
			isa = PBXGroup;
			children = (
				61CBE713244654A200E19D52 /* NBA Pokédex */,
				61CBE712244654A200E19D52 /* Products */,
			);
			sourceTree = "<group>";
		};
		61CBE712244654A200E19D52 /* Products */ = {
			isa = PBXGroup;
			children = (
				61CBE711244654A200E19D52 /* NBA Pokédex.app */,
			);
			name = Products;
			sourceTree = "<group>";
		};
		61CBE713244654A200E19D52 /* NBA Pokédex */ = {
			isa = PBXGroup;
			children = (
				6113E50B2458E1E900DC314D /* ViewControllers */,
				61CBE714244654A200E19D52 /* AppDelegate.swift */,
				61CBE716244654A200E19D52 /* SceneDelegate.swift */,
				61856FD42457A5A7006C98D6 /* Launch Screen.storyboard */,
				61CBE71A244654A200E19D52 /* Main.storyboard */,
				61CBE71D244654A600E19D52 /* Assets.xcassets */,
				61CBE71F244654A600E19D52 /* LaunchScreen.storyboard */,
				61CBE722244654A600E19D52 /* Info.plist */,
			);
			path = "NBA Pokédex";
			sourceTree = "<group>";
		};
/* End PBXGroup section */

/* Begin PBXNativeTarget section */
		61CBE710244654A200E19D52 /* NBA Pokédex */ = {
			isa = PBXNativeTarget;
			buildConfigurationList = 61CBE725244654A600E19D52 /* Build configuration list for PBXNativeTarget "NBA Pokédex" */;
			buildPhases = (
				61CBE70D244654A200E19D52 /* Sources */,
				61CBE70E244654A200E19D52 /* Frameworks */,
				61CBE70F244654A200E19D52 /* Resources */,
			);
			buildRules = (
			);
			dependencies = (
			);
			name = "NBA Pokédex";
			productName = "NBA Pokédex";
			productReference = 61CBE711244654A200E19D52 /* NBA Pokédex.app */;
			productType = "com.apple.product-type.application";
		};
/* End PBXNativeTarget section */

/* Begin PBXProject section */
		61CBE709244654A200E19D52 /* Project object */ = {
			isa = PBXProject;
			attributes = {
				LastSwiftUpdateCheck = 1140;
				LastUpgradeCheck = 1140;
				ORGANIZATIONNAME = "Jamani Fowler";
				TargetAttributes = {
					61CBE710244654A200E19D52 = {
						CreatedOnToolsVersion = 11.4;
					};
				};
			};
			buildConfigurationList = 61CBE70C244654A200E19D52 /* Build configuration list for PBXProject "NBA Pokédex" */;
			compatibilityVersion = "Xcode 9.3";
			developmentRegion = en;
			hasScannedForEncodings = 0;
			knownRegions = (
				en,
				Base,
			);
			mainGroup = 61CBE708244654A200E19D52;
			productRefGroup = 61CBE712244654A200E19D52 /* Products */;
			projectDirPath = "";
			projectRoot = "";
			targets = (
				61CBE710244654A200E19D52 /* NBA Pokédex */,
			);
		};
/* End PBXProject section */

/* Begin PBXResourcesBuildPhase section */
		61CBE70F244654A200E19D52 /* Resources */ = {
			isa = PBXResourcesBuildPhase;
			buildActionMask = 2147483647;
			files = (
				61CBE721244654A600E19D52 /* LaunchScreen.storyboard in Resources */,
				61CBE71E244654A600E19D52 /* Assets.xcassets in Resources */,
				61856FD52457A5A7006C98D6 /* Launch Screen.storyboard in Resources */,
				61CBE71C244654A200E19D52 /* Main.storyboard in Resources */,
			);
			runOnlyForDeploymentPostprocessing = 0;
		};
/* End PBXResourcesBuildPhase section */

/* Begin PBXSourcesBuildPhase section */
		61CBE70D244654A200E19D52 /* Sources */ = {
			isa = PBXSourcesBuildPhase;
			buildActionMask = 2147483647;
			files = (
				6113E50D2458E23D00DC314D /* ECTableViewController.swift in Sources */,
				61CBE715244654A200E19D52 /* AppDelegate.swift in Sources */,
				61CBE717244654A200E19D52 /* SceneDelegate.swift in Sources */,
				6113E50F2458E2E200DC314D /* WCTableViewController.swift in Sources */,
			);
			runOnlyForDeploymentPostprocessing = 0;
		};
/* End PBXSourcesBuildPhase section */

/* Begin PBXVariantGroup section */
		61CBE71A244654A200E19D52 /* Main.storyboard */ = {
			isa = PBXVariantGroup;
			children = (
				61CBE71B244654A200E19D52 /* Base */,
			);
			name = Main.storyboard;
			sourceTree = "<group>";
		};
		61CBE71F244654A600E19D52 /* LaunchScreen.storyboard */ = {
			isa = PBXVariantGroup;
			children = (
				61CBE720244654A600E19D52 /* Base */,
			);
			name = LaunchScreen.storyboard;
			sourceTree = "<group>";
		};
/* End PBXVariantGroup section */

/* Begin XCBuildConfiguration section */
		61CBE723244654A600E19D52 /* Debug */ = {
			isa = XCBuildConfiguration;
			buildSettings = {
				ALWAYS_SEARCH_USER_PATHS = NO;
				CLANG_ANALYZER_NONNULL = YES;
				CLANG_ANALYZER_NUMBER_OBJECT_CONVERSION = YES_AGGRESSIVE;
				CLANG_CXX_LANGUAGE_STANDARD = "gnu++14";
				CLANG_CXX_LIBRARY = "libc++";
				CLANG_ENABLE_MODULES = YES;
				CLANG_ENABLE_OBJC_ARC = YES;
				CLANG_ENABLE_OBJC_WEAK = YES;
				CLANG_WARN_BLOCK_CAPTURE_AUTORELEASING = YES;
				CLANG_WARN_BOOL_CONVERSION = YES;
				CLANG_WARN_COMMA = YES;
				CLANG_WARN_CONSTANT_CONVERSION = YES;
				CLANG_WARN_DEPRECATED_OBJC_IMPLEMENTATIONS = YES;
				CLANG_WARN_DIRECT_OBJC_ISA_USAGE = YES_ERROR;
				CLANG_WARN_DOCUMENTATION_COMMENTS = YES;
				CLANG_WARN_EMPTY_BODY = YES;
				CLANG_WARN_ENUM_CONVERSION = YES;
				CLANG_WARN_INFINITE_RECURSION = YES;
				CLANG_WARN_INT_CONVERSION = YES;
				CLANG_WARN_NON_LITERAL_NULL_CONVERSION = YES;
				CLANG_WARN_OBJC_IMPLICIT_RETAIN_SELF = YES;
				CLANG_WARN_OBJC_LITERAL_CONVERSION = YES;
				CLANG_WARN_OBJC_ROOT_CLASS = YES_ERROR;
				CLANG_WARN_RANGE_LOOP_ANALYSIS = YES;
				CLANG_WARN_STRICT_PROTOTYPES = YES;
				CLANG_WARN_SUSPICIOUS_MOVE = YES;
				CLANG_WARN_UNGUARDED_AVAILABILITY = YES_AGGRESSIVE;
				CLANG_WARN_UNREACHABLE_CODE = YES;
				CLANG_WARN__DUPLICATE_METHOD_MATCH = YES;
				COPY_PHASE_STRIP = NO;
				DEBUG_INFORMATION_FORMAT = dwarf;
				ENABLE_STRICT_OBJC_MSGSEND = YES;
				ENABLE_TESTABILITY = YES;
				GCC_C_LANGUAGE_STANDARD = gnu11;
				GCC_DYNAMIC_NO_PIC = NO;
				GCC_NO_COMMON_BLOCKS = YES;
				GCC_OPTIMIZATION_LEVEL = 0;
				GCC_PREPROCESSOR_DEFINITIONS = (
					"DEBUG=1",
					"$(inherited)",
				);
				GCC_WARN_64_TO_32_BIT_CONVERSION = YES;
				GCC_WARN_ABOUT_RETURN_TYPE = YES_ERROR;
				GCC_WARN_UNDECLARED_SELECTOR = YES;
				GCC_WARN_UNINITIALIZED_AUTOS = YES_AGGRESSIVE;
				GCC_WARN_UNUSED_FUNCTION = YES;
				GCC_WARN_UNUSED_VARIABLE = YES;
				IPHONEOS_DEPLOYMENT_TARGET = 13.4;
				MTL_ENABLE_DEBUG_INFO = INCLUDE_SOURCE;
				MTL_FAST_MATH = YES;
				ONLY_ACTIVE_ARCH = YES;
				SDKROOT = iphoneos;
				SWIFT_ACTIVE_COMPILATION_CONDITIONS = DEBUG;
				SWIFT_OPTIMIZATION_LEVEL = "-Onone";
			};
			name = Debug;
		};
		61CBE724244654A600E19D52 /* Release */ = {
			isa = XCBuildConfiguration;
			buildSettings = {
				ALWAYS_SEARCH_USER_PATHS = NO;
				CLANG_ANALYZER_NONNULL = YES;
				CLANG_ANALYZER_NUMBER_OBJECT_CONVERSION = YES_AGGRESSIVE;
				CLANG_CXX_LANGUAGE_STANDARD = "gnu++14";
				CLANG_CXX_LIBRARY = "libc++";
				CLANG_ENABLE_MODULES = YES;
				CLANG_ENABLE_OBJC_ARC = YES;
				CLANG_ENABLE_OBJC_WEAK = YES;
				CLANG_WARN_BLOCK_CAPTURE_AUTORELEASING = YES;
				CLANG_WARN_BOOL_CONVERSION = YES;
				CLANG_WARN_COMMA = YES;
				CLANG_WARN_CONSTANT_CONVERSION = YES;
				CLANG_WARN_DEPRECATED_OBJC_IMPLEMENTATIONS = YES;
				CLANG_WARN_DIRECT_OBJC_ISA_USAGE = YES_ERROR;
				CLANG_WARN_DOCUMENTATION_COMMENTS = YES;
				CLANG_WARN_EMPTY_BODY = YES;
				CLANG_WARN_ENUM_CONVERSION = YES;
				CLANG_WARN_INFINITE_RECURSION = YES;
				CLANG_WARN_INT_CONVERSION = YES;
				CLANG_WARN_NON_LITERAL_NULL_CONVERSION = YES;
				CLANG_WARN_OBJC_IMPLICIT_RETAIN_SELF = YES;
				CLANG_WARN_OBJC_LITERAL_CONVERSION = YES;
				CLANG_WARN_OBJC_ROOT_CLASS = YES_ERROR;
				CLANG_WARN_RANGE_LOOP_ANALYSIS = YES;
				CLANG_WARN_STRICT_PROTOTYPES = YES;
				CLANG_WARN_SUSPICIOUS_MOVE = YES;
				CLANG_WARN_UNGUARDED_AVAILABILITY = YES_AGGRESSIVE;
				CLANG_WARN_UNREACHABLE_CODE = YES;
				CLANG_WARN__DUPLICATE_METHOD_MATCH = YES;
				COPY_PHASE_STRIP = NO;
				DEBUG_INFORMATION_FORMAT = "dwarf-with-dsym";
				ENABLE_NS_ASSERTIONS = NO;
				ENABLE_STRICT_OBJC_MSGSEND = YES;
				GCC_C_LANGUAGE_STANDARD = gnu11;
				GCC_NO_COMMON_BLOCKS = YES;
				GCC_WARN_64_TO_32_BIT_CONVERSION = YES;
				GCC_WARN_ABOUT_RETURN_TYPE = YES_ERROR;
				GCC_WARN_UNDECLARED_SELECTOR = YES;
				GCC_WARN_UNINITIALIZED_AUTOS = YES_AGGRESSIVE;
				GCC_WARN_UNUSED_FUNCTION = YES;
				GCC_WARN_UNUSED_VARIABLE = YES;
				IPHONEOS_DEPLOYMENT_TARGET = 13.4;
				MTL_ENABLE_DEBUG_INFO = NO;
				MTL_FAST_MATH = YES;
				SDKROOT = iphoneos;
				SWIFT_COMPILATION_MODE = wholemodule;
				SWIFT_OPTIMIZATION_LEVEL = "-O";
				VALIDATE_PRODUCT = YES;
			};
			name = Release;
		};
		61CBE726244654A600E19D52 /* Debug */ = {
			isa = XCBuildConfiguration;
			buildSettings = {
				ASSETCATALOG_COMPILER_APPICON_NAME = AppIcon;
				CODE_SIGN_STYLE = Automatic;
				INFOPLIST_FILE = "NBA Pokédex/Info.plist";
				LD_RUNPATH_SEARCH_PATHS = (
					"$(inherited)",
					"@executable_path/Frameworks",
				);
				PRODUCT_BUNDLE_IDENTIFIER = "com.makeschool.NBA-Poke-dex";
				PRODUCT_NAME = "$(TARGET_NAME)";
				SWIFT_VERSION = 5.0;
				TARGETED_DEVICE_FAMILY = "1,2";
			};
			name = Debug;
		};
		61CBE727244654A600E19D52 /* Release */ = {
			isa = XCBuildConfiguration;
			buildSettings = {
				ASSETCATALOG_COMPILER_APPICON_NAME = AppIcon;
				CODE_SIGN_STYLE = Automatic;
				INFOPLIST_FILE = "NBA Pokédex/Info.plist";
				LD_RUNPATH_SEARCH_PATHS = (
					"$(inherited)",
					"@executable_path/Frameworks",
				);
				PRODUCT_BUNDLE_IDENTIFIER = "com.makeschool.NBA-Poke-dex";
				PRODUCT_NAME = "$(TARGET_NAME)";
				SWIFT_VERSION = 5.0;
				TARGETED_DEVICE_FAMILY = "1,2";
			};
			name = Release;
		};
/* End XCBuildConfiguration section */

/* Begin XCConfigurationList section */
		61CBE70C244654A200E19D52 /* Build configuration list for PBXProject "NBA Pokédex" */ = {
			isa = XCConfigurationList;
			buildConfigurations = (
				61CBE723244654A600E19D52 /* Debug */,
				61CBE724244654A600E19D52 /* Release */,
			);
			defaultConfigurationIsVisible = 0;
			defaultConfigurationName = Release;
		};
		61CBE725244654A600E19D52 /* Build configuration list for PBXNativeTarget "NBA Pokédex" */ = {
			isa = XCConfigurationList;
			buildConfigurations = (
				61CBE726244654A600E19D52 /* Debug */,
				61CBE727244654A600E19D52 /* Release */,
			);
			defaultConfigurationIsVisible = 0;
			defaultConfigurationName = Release;
		};
/* End XCConfigurationList section */
	};
	rootObject = 61CBE709244654A200E19D52 /* Project object */;
}
